
Microsoft Visual Studio Solution File, Format Version 12.00
# Visual Studio 15
VisualStudioVersion = 15.0.27004.2002
MinimumVisualStudioVersion = 10.0.40219.1
Project("{FAE04EC0-301F-11D3-BF4B-00C04F79EFBC}") = "WebApplication2", "WebApplication2\WebApplication2.csproj", "{FDE50A71-FC2E-41A8-88D5-E40C11FC65A7}"
EndProject
Global
	GlobalSection(SolutionConfigurationPlatforms) = preSolution
		Debug|Any CPU = Debug|Any CPU
		Release|Any CPU = Release|Any CPU
	EndGlobalSection
	GlobalSection(ProjectConfigurationPlatforms) = postSolution
		{FDE50A71-FC2E-41A8-88D5-E40C11FC65A7}.Debug|Any CPU.ActiveCfg = Debug|Any CPU
		{FDE50A71-FC2E-41A8-88D5-E40C11FC65A7}.Debug|Any CPU.Build.0 = Debug|Any CPU
		{FDE50A71-FC2E-41A8-88D5-E40C11FC65A7}.Release|Any CPU.ActiveCfg = Release|Any CPU
		{FDE50A71-FC2E-41A8-88D5-E40C11FC65A7}.Release|Any CPU.Build.0 = Release|Any CPU
	EndGlobalSection
	GlobalSection(SolutionProperties) = preSolution
		HideSolutionNode = FALSE
	EndGlobalSection
	GlobalSection(ExtensibilityGlobals) = postSolution
		SolutionGuid = {23F6BA10-0202-45F1-A346-CA9E3F4232EA}
	EndGlobalSection
EndGlobal
